
Microsoft Visual Studio Solution File, Format Version 12.00
# Visual Studio Version 16
VisualStudioVersion = 16.0.31911.196
MinimumVisualStudioVersion = 10.0.40219.1
Project("{8BC9CEB8-8B4A-11D0-8D11-00A0C91BC942}") = "BankProjectApplication", "BankProjectApplication.vcxproj", "{A459F6C5-8913-4A0F-8242-9534302CADE1}"
EndProject
Global
	GlobalSection(SolutionConfigurationPlatforms) = preSolution
		Debug|x64 = Debug|x64
		Debug|x86 = Debug|x86
		Release|x64 = Release|x64
		Release|x86 = Release|x86
	EndGlobalSection
	GlobalSection(ProjectConfigurationPlatforms) = postSolution
		{A459F6C5-8913-4A0F-8242-9534302CADE1}.Debug|x64.ActiveCfg = Debug|x64
		{A459F6C5-8913-4A0F-8242-9534302CADE1}.Debug|x64.Build.0 = Debug|x64
		{A459F6C5-8913-4A0F-8242-9534302CADE1}.Debug|x86.ActiveCfg = Debug|Win32
		{A459F6C5-8913-4A0F-8242-9534302CADE1}.Debug|x86.Build.0 = Debug|Win32
		{A459F6C5-8913-4A0F-8242-9534302CADE1}.Release|x64.ActiveCfg = Release|x64
		{A459F6C5-8913-4A0F-8242-9534302CADE1}.Release|x64.Build.0 = Release|x64
		{A459F6C5-8913-4A0F-8242-9534302CADE1}.Release|x86.ActiveCfg = Release|Win32
		{A459F6C5-8913-4A0F-8242-9534302CADE1}.Release|x86.Build.0 = Release|Win32
	EndGlobalSection
	GlobalSection(SolutionProperties) = preSolution
		HideSolutionNode = FALSE
	EndGlobalSection
	GlobalSection(ExtensibilityGlobals) = postSolution
		SolutionGuid = {B3E0931C-CAAB-46CB-ADCB-3FAB5CBC6DDD}
	EndGlobalSection
EndGlobal
